{
  "name": "agri-trust",
  "version": "0.1.0",
  "lockfileVersion": 3,
  "requires": true,
  "packages": {
    "": {
      "name": "agri-trust",
      "version": "0.1.0",
      "dependencies": {
        "agri-trust": "file:"
      }
    },
    "node_modules/agri-trust": {
      "resolved": "",
      "link": true
    }
  }
}
